
Microsoft Visual Studio Solution File, Format Version 12.00
# Visual Studio 15
VisualStudioVersion = 15.0.27130.2010
MinimumVisualStudioVersion = 10.0.40219.1
Project("{FAE04EC0-301F-11D3-BF4B-00C04F79EFBC}") = "waxbill", "waxbill\waxbill.csproj", "{AF12DB15-97CD-49D5-9605-C49F437F6B10}"
EndProject
Project("{FAE04EC0-301F-11D3-BF4B-00C04F79EFBC}") = "waxbill.demo", "waxbill.demo\waxbill.demo.csproj", "{A128AEAD-B4CE-4471-938E-34E722967E32}"
EndProject
Global
	GlobalSection(SolutionConfigurationPlatforms) = preSolution
		Debug|Any CPU = Debug|Any CPU
		Release|Any CPU = Release|Any CPU
	EndGlobalSection
	GlobalSection(ProjectConfigurationPlatforms) = postSolution
		{AF12DB15-97CD-49D5-9605-C49F437F6B10}.Debug|Any CPU.ActiveCfg = Debug|Any CPU
		{AF12DB15-97CD-49D5-9605-C49F437F6B10}.Debug|Any CPU.Build.0 = Debug|Any CPU
		{AF12DB15-97CD-49D5-9605-C49F437F6B10}.Release|Any CPU.ActiveCfg = Release|Any CPU
		{AF12DB15-97CD-49D5-9605-C49F437F6B10}.Release|Any CPU.Build.0 = Release|Any CPU
		{A128AEAD-B4CE-4471-938E-34E722967E32}.Debug|Any CPU.ActiveCfg = Debug|Any CPU
		{A128AEAD-B4CE-4471-938E-34E722967E32}.Debug|Any CPU.Build.0 = Debug|Any CPU
		{A128AEAD-B4CE-4471-938E-34E722967E32}.Release|Any CPU.ActiveCfg = Release|Any CPU
		{A128AEAD-B4CE-4471-938E-34E722967E32}.Release|Any CPU.Build.0 = Release|Any CPU
	EndGlobalSection
	GlobalSection(SolutionProperties) = preSolution
		HideSolutionNode = FALSE
	EndGlobalSection
	GlobalSection(ExtensibilityGlobals) = postSolution
		SolutionGuid = {293B4892-D2BC-40F3-91FD-D61883E507C7}
	EndGlobalSection
EndGlobal
